PODS:
  - MBPopup (5.0.3)
  - Sparkle (1.24.0)
  - SwiftGen (6.4.0)

DEPENDENCIES:
  - MBPopup
  - Sparkle
  - SwiftGen

SPEC REPOS:
  trunk:
    - MBPopup
    - Sparkle
    - SwiftGen

SPEC CHECKSUMS:
  MBPopup: 14fe34c2f7c5d771ade596d0057f1f04c2cea0f8
  Sparkle: 270cd27377bf04e9c128af06e3a22d0f572d6ee3
  SwiftGen: 67860cc7c3cfc2ed25b9b74cfd55495fc89f9108

PODFILE CHECKSUM: a578f3f569d2c5c7f57440b40db05f5ad94412bf

COCOAPODS: 1.10.1
